// !$*UTF8*$!
{
	archiveVersion = 1;
	classes = {
	};
	objectVersion = 77;
	objects = {

/* Begin PBXContainerItemProxy section */
		EAC969B92E2416ED0093AB2A /* PBXContainerItemProxy */ = {
			isa = PBXContainerItemProxy;
			containerPortal = EAC969A22E2416EC0093AB2A /* Project object */;
			proxyType = 1;
			remoteGlobalIDString = EAC969A92E2416EC0093AB2A;
			remoteInfo = "logos inkpen.io";
		};
		EAC969C32E2416ED0093AB2A /* PBXContainerItemProxy */ = {
			isa = PBXContainerItemProxy;
			containerPortal = EAC969A22E2416EC0093AB2A /* Project object */;
			proxyType = 1;
			remoteGlobalIDString = EAC969A92E2416EC0093AB2A;
			remoteInfo = "logos inkpen.io";
		};
/* End PBXContainerItemProxy section */

/* Begin PBXFileReference section */
		EAC969AA2E2416EC0093AB2A /* logos inkpen.io.app */ = {isa = PBXFileReference; explicitFileType = wrapper.application; includeInIndex = 0; path = "logos inkpen.io.app"; sourceTree = BUILT_PRODUCTS_DIR; };
		EAC969B82E2416ED0093AB2A /* logos inkpen.ioTests.xctest */ = {isa = PBXFileReference; explicitFileType = wrapper.cfbundle; includeInIndex = 0; path = "logos inkpen.ioTests.xctest"; sourceTree = BUILT_PRODUCTS_DIR; };
		EAC969C22E2416ED0093AB2A /* logos inkpen.ioUITests.xctest */ = {isa = PBXFileReference; explicitFileType = wrapper.cfbundle; includeInIndex = 0; path = "logos inkpen.ioUITests.xctest"; sourceTree = BUILT_PRODUCTS_DIR; };
/* End PBXFileReference section */

/* Begin PBXFileSystemSynchronizedRootGroup section */
		EAC969AC2E2416EC0093AB2A /* logos inkpen.io */ = {
			isa = PBXFileSystemSynchronizedRootGroup;
			path = "logos inkpen.io";
			sourceTree = "<group>";
		};
		EAC969BB2E2416ED0093AB2A /* logos inkpen.ioTests */ = {
			isa = PBXFileSystemSynchronizedRootGroup;
			path = "logos inkpen.ioTests";
			sourceTree = "<group>";
		};
		EAC969C52E2416ED0093AB2A /* logos inkpen.ioUITests */ = {
			isa = PBXFileSystemSynchronizedRootGroup;
			path = "logos inkpen.ioUITests";
			sourceTree = "<group>";
		};
/* End PBXFileSystemSynchronizedRootGroup section */

/* Begin PBXFrameworksBuildPhase section */
		EAC969A72E2416EC0093AB2A /* Frameworks */ = {
			isa = PBXFrameworksBuildPhase;
			buildActionMask = 2147483647;
			files = (
			);
			runOnlyForDeploymentPostprocessing = 0;
		};
		EAC969B52E2416ED0093AB2A /* Frameworks */ = {
			isa = PBXFrameworksBuildPhase;
			buildActionMask = 2147483647;
			files = (
			);
			runOnlyForDeploymentPostprocessing = 0;
		};
		EAC969BF2E2416ED0093AB2A /* Frameworks */ = {
			isa = PBXFrameworksBuildPhase;
			buildActionMask = 2147483647;
			files = (
			);
			runOnlyForDeploymentPostprocessing = 0;
		};
/* End PBXFrameworksBuildPhase section */

/* Begin PBXGroup section */
		EAC969A12E2416EC0093AB2A = {
			isa = PBXGroup;
			children = (
				EAC969AC2E2416EC0093AB2A /* logos inkpen.io */,
				EAC969BB2E2416ED0093AB2A /* logos inkpen.ioTests */,
				EAC969C52E2416ED0093AB2A /* logos inkpen.ioUITests */,
				EAC969AB2E2416EC0093AB2A /* Products */,
			);
			sourceTree = "<group>";
		};
		EAC969AB2E2416EC0093AB2A /* Products */ = {
			isa = PBXGroup;
			children = (
				EAC969AA2E2416EC0093AB2A /* logos inkpen.io.app */,
				EAC969B82E2416ED0093AB2A /* logos inkpen.ioTests.xctest */,
				EAC969C22E2416ED0093AB2A /* logos inkpen.ioUITests.xctest */,
			);
			name = Products;
			sourceTree = "<group>";
		};
/* End PBXGroup section */

/* Begin PBXNativeTarget section */
		EAC969A92E2416EC0093AB2A /* logos inkpen.io */ = {
			isa = PBXNativeTarget;
			buildConfigurationList = EAC969CC2E2416ED0093AB2A /* Build configuration list for PBXNativeTarget "logos inkpen.io" */;
			buildPhases = (
				EAC969A62E2416EC0093AB2A /* Sources */,
				EAC969A72E2416EC0093AB2A /* Frameworks */,
				EAC969A82E2416EC0093AB2A /* Resources */,
			);
			buildRules = (
			);
			dependencies = (
			);
			fileSystemSynchronizedGroups = (
				EAC969AC2E2416EC0093AB2A /* logos inkpen.io */,
			);
			name = "logos inkpen.io";
			packageProductDependencies = (
			);
			productName = "logos inkpen.io";
			productReference = EAC969AA2E2416EC0093AB2A /* logos inkpen.io.app */;
			productType = "com.apple.product-type.application";
		};
		EAC969B72E2416ED0093AB2A /* logos inkpen.ioTests */ = {
			isa = PBXNativeTarget;
			buildConfigurationList = EAC969CF2E2416ED0093AB2A /* Build configuration list for PBXNativeTarget "logos inkpen.ioTests" */;
			buildPhases = (
				EAC969B42E2416ED0093AB2A /* Sources */,
				EAC969B52E2416ED0093AB2A /* Frameworks */,
				EAC969B62E2416ED0093AB2A /* Resources */,
			);
			buildRules = (
			);
			dependencies = (
				EAC969BA2E2416ED0093AB2A /* PBXTargetDependency */,
			);
			fileSystemSynchronizedGroups = (
				EAC969BB2E2416ED0093AB2A /* logos inkpen.ioTests */,
			);
			name = "logos inkpen.ioTests";
			packageProductDependencies = (
			);
			productName = "logos inkpen.ioTests";
			productReference = EAC969B82E2416ED0093AB2A /* logos inkpen.ioTests.xctest */;
			productType = "com.apple.product-type.bundle.unit-test";
		};
		EAC969C12E2416ED0093AB2A /* logos inkpen.ioUITests */ = {
			isa = PBXNativeTarget;
			buildConfigurationList = EAC969D22E2416ED0093AB2A /* Build configuration list for PBXNativeTarget "logos inkpen.ioUITests" */;
			buildPhases = (
				EAC969BE2E2416ED0093AB2A /* Sources */,
				EAC969BF2E2416ED0093AB2A /* Frameworks */,
				EAC969C02E2416ED0093AB2A /* Resources */,
			);
			buildRules = (
			);
			dependencies = (
				EAC969C42E2416ED0093AB2A /* PBXTargetDependency */,
			);
			fileSystemSynchronizedGroups = (
				EAC969C52E2416ED0093AB2A /* logos inkpen.ioUITests */,
			);
			name = "logos inkpen.ioUITests";
			packageProductDependencies = (
			);
			productName = "logos inkpen.ioUITests";
			productReference = EAC969C22E2416ED0093AB2A /* logos inkpen.ioUITests.xctest */;
			productType = "com.apple.product-type.bundle.ui-testing";
		};
/* End PBXNativeTarget section */

/* Begin PBXProject section */
		EAC969A22E2416EC0093AB2A /* Project object */ = {
			isa = PBXProject;
			attributes = {
				BuildIndependentTargetsInParallel = 1;
				LastSwiftUpdateCheck = 1630;
				LastUpgradeCheck = 1630;
				TargetAttributes = {
					EAC969A92E2416EC0093AB2A = {
						CreatedOnToolsVersion = 16.3;
					};
					EAC969B72E2416ED0093AB2A = {
						CreatedOnToolsVersion = 16.3;
						TestTargetID = EAC969A92E2416EC0093AB2A;
					};
					EAC969C12E2416ED0093AB2A = {
						CreatedOnToolsVersion = 16.3;
						TestTargetID = EAC969A92E2416EC0093AB2A;
					};
				};
			};
			buildConfigurationList = EAC969A52E2416EC0093AB2A /* Build configuration list for PBXProject "logos inkpen.io" */;
			developmentRegion = en;
			hasScannedForEncodings = 0;
			knownRegions = (
				en,
				Base,
			);
			mainGroup = EAC969A12E2416EC0093AB2A;
			minimizedProjectReferenceProxies = 1;
			packageReferences = (
			);
			preferredProjectObjectVersion = 77;
			productRefGroup = EAC969AB2E2416EC0093AB2A /* Products */;
			projectDirPath = "";
			projectRoot = "";
			targets = (
				EAC969A92E2416EC0093AB2A /* logos inkpen.io */,
				EAC969B72E2416ED0093AB2A /* logos inkpen.ioTests */,
				EAC969C12E2416ED0093AB2A /* logos inkpen.ioUITests */,
			);
		};
/* End PBXProject section */

/* Begin PBXResourcesBuildPhase section */
		EAC969A82E2416EC0093AB2A /* Resources */ = {
			isa = PBXResourcesBuildPhase;
			buildActionMask = 2147483647;
			files = (
			);
			runOnlyForDeploymentPostprocessing = 0;
		};
		EAC969B62E2416ED0093AB2A /* Resources */ = {
			isa = PBXResourcesBuildPhase;
			buildActionMask = 2147483647;
			files = (
			);
			runOnlyForDeploymentPostprocessing = 0;
		};
		EAC969C02E2416ED0093AB2A /* Resources */ = {
			isa = PBXResourcesBuildPhase;
			buildActionMask = 2147483647;
			files = (
			);
			runOnlyForDeploymentPostprocessing = 0;
		};
/* End PBXResourcesBuildPhase section */

/* Begin PBXSourcesBuildPhase section */
		EAC969A62E2416EC0093AB2A /* Sources */ = {
			isa = PBXSourcesBuildPhase;
			buildActionMask = 2147483647;
			files = (
			);
			runOnlyForDeploymentPostprocessing = 0;
		};
		EAC969B42E2416ED0093AB2A /* Sources */ = {
			isa = PBXSourcesBuildPhase;
			buildActionMask = 2147483647;
			files = (
			);
			runOnlyForDeploymentPostprocessing = 0;
		};
		EAC969BE2E2416ED0093AB2A /* Sources */ = {
			isa = PBXSourcesBuildPhase;
			buildActionMask = 2147483647;
			files = (
			);
			runOnlyForDeploymentPostprocessing = 0;
		};
/* End PBXSourcesBuildPhase section */

/* Begin PBXTargetDependency section */
		EAC969BA2E2416ED0093AB2A /* PBXTargetDependency */ = {
			isa = PBXTargetDependency;
			target = EAC969A92E2416EC0093AB2A /* logos inkpen.io */;
			targetProxy = EAC969B92E2416ED0093AB2A /* PBXContainerItemProxy */;
		};
		EAC969C42E2416ED0093AB2A /* PBXTargetDependency */ = {
			isa = PBXTargetDependency;
			target = EAC969A92E2416EC0093AB2A /* logos inkpen.io */;
			targetProxy = EAC969C32E2416ED0093AB2A /* PBXContainerItemProxy */;
		};
/* End PBXTargetDependency section */

/* Begin XCBuildConfiguration section */
		EAC969CA2E2416ED0093AB2A /* Debug */ = {
			isa = XCBuildConfiguration;
			buildSettings = {
				ALWAYS_SEARCH_USER_PATHS = NO;
				ASSETCATALOG_COMPILER_GENERATE_SWIFT_ASSET_SYMBOL_EXTENSIONS = YES;
				CLANG_ANALYZER_NONNULL = YES;
				CLANG_ANALYZER_NUMBER_OBJECT_CONVERSION = YES_AGGRESSIVE;
				CLANG_CXX_LANGUAGE_STANDARD = "gnu++20";
				CLANG_ENABLE_MODULES = YES;
				CLANG_ENABLE_OBJC_ARC = YES;
				CLANG_ENABLE_OBJC_WEAK = YES;
				CLANG_WARN_BLOCK_CAPTURE_AUTORELEASING = YES;
				CLANG_WARN_BOOL_CONVERSION = YES;
				CLANG_WARN_COMMA = YES;
				CLANG_WARN_CONSTANT_CONVERSION = YES;
				CLANG_WARN_DEPRECATED_OBJC_IMPLEMENTATIONS = YES;
				CLANG_WARN_DIRECT_OBJC_ISA_USAGE = YES_ERROR;
				CLANG_WARN_DOCUMENTATION_COMMENTS = YES;
				CLANG_WARN_EMPTY_BODY = YES;
				CLANG_WARN_ENUM_CONVERSION = YES;
				CLANG_WARN_INFINITE_RECURSION = YES;
				CLANG_WARN_INT_CONVERSION = YES;
				CLANG_WARN_NON_LITERAL_NULL_CONVERSION = YES;
				CLANG_WARN_OBJC_IMPLICIT_RETAIN_SELF = YES;
				CLANG_WARN_OBJC_LITERAL_CONVERSION = YES;
				CLANG_WARN_OBJC_ROOT_CLASS = YES_ERROR;
				CLANG_WARN_QUOTED_INCLUDE_IN_FRAMEWORK_HEADER = YES;
				CLANG_WARN_RANGE_LOOP_ANALYSIS = YES;
				CLANG_WARN_STRICT_PROTOTYPES = YES;
				CLANG_WARN_SUSPICIOUS_MOVE = YES;
				CLANG_WARN_UNGUARDED_AVAILABILITY = YES_AGGRESSIVE;
				CLANG_WARN_UNREACHABLE_CODE = YES;
				CLANG_WARN__DUPLICATE_METHOD_MATCH = YES;
				COPY_PHASE_STRIP = NO;
				DEBUG_INFORMATION_FORMAT = dwarf;
				DEVELOPMENT_TEAM = 469UCUB275;
				ENABLE_STRICT_OBJC_MSGSEND = YES;
				ENABLE_TESTABILITY = YES;
				ENABLE_USER_SCRIPT_SANDBOXING = YES;
				GCC_C_LANGUAGE_STANDARD = gnu17;
				GCC_DYNAMIC_NO_PIC = NO;
				GCC_NO_COMMON_BLOCKS = YES;
				GCC_OPTIMIZATION_LEVEL = 0;
				GCC_PREPROCESSOR_DEFINITIONS = (
					"DEBUG=1",
					"$(inherited)",
				);
				GCC_WARN_64_TO_32_BIT_CONVERSION = YES;
				GCC_WARN_ABOUT_RETURN_TYPE = YES_ERROR;
				GCC_WARN_UNDECLARED_SELECTOR = YES;
				GCC_WARN_UNINITIALIZED_AUTOS = YES_AGGRESSIVE;
				GCC_WARN_UNUSED_FUNCTION = YES;
				GCC_WARN_UNUSED_VARIABLE = YES;
				LOCALIZATION_PREFERS_STRING_CATALOGS = YES;
				MACOSX_DEPLOYMENT_TARGET = 15.4;
				MTL_ENABLE_DEBUG_INFO = INCLUDE_SOURCE;
				MTL_FAST_MATH = YES;
				ONLY_ACTIVE_ARCH = YES;
				SDKROOT = macosx;
				SWIFT_ACTIVE_COMPILATION_CONDITIONS = "DEBUG $(inherited)";
				SWIFT_OPTIMIZATION_LEVEL = "-Onone";
			};
			name = Debug;
		};
		EAC969CB2E2416ED0093AB2A /* Release */ = {
			isa = XCBuildConfiguration;
			buildSettings = {
				ALWAYS_SEARCH_USER_PATHS = NO;
				ASSETCATALOG_COMPILER_GENERATE_SWIFT_ASSET_SYMBOL_EXTENSIONS = YES;
				CLANG_ANALYZER_NONNULL = YES;
				CLANG_ANALYZER_NUMBER_OBJECT_CONVERSION = YES_AGGRESSIVE;
				CLANG_CXX_LANGUAGE_STANDARD = "gnu++20";
				CLANG_ENABLE_MODULES = YES;
				CLANG_ENABLE_OBJC_ARC = YES;
				CLANG_ENABLE_OBJC_WEAK = YES;
				CLANG_WARN_BLOCK_CAPTURE_AUTORELEASING = YES;
				CLANG_WARN_BOOL_CONVERSION = YES;
				CLANG_WARN_COMMA = YES;
				CLANG_WARN_CONSTANT_CONVERSION = YES;
				CLANG_WARN_DEPRECATED_OBJC_IMPLEMENTATIONS = YES;
				CLANG_WARN_DIRECT_OBJC_ISA_USAGE = YES_ERROR;
				CLANG_WARN_DOCUMENTATION_COMMENTS = YES;
				CLANG_WARN_EMPTY_BODY = YES;
				CLANG_WARN_ENUM_CONVERSION = YES;
				CLANG_WARN_INFINITE_RECURSION = YES;
				CLANG_WARN_INT_CONVERSION = YES;
				CLANG_WARN_NON_LITERAL_NULL_CONVERSION = YES;
				CLANG_WARN_OBJC_IMPLICIT_RETAIN_SELF = YES;
				CLANG_WARN_OBJC_LITERAL_CONVERSION = YES;
				CLANG_WARN_OBJC_ROOT_CLASS = YES_ERROR;
				CLANG_WARN_QUOTED_INCLUDE_IN_FRAMEWORK_HEADER = YES;
				CLANG_WARN_RANGE_LOOP_ANALYSIS = YES;
				CLANG_WARN_STRICT_PROTOTYPES = YES;
				CLANG_WARN_SUSPICIOUS_MOVE = YES;
				CLANG_WARN_UNGUARDED_AVAILABILITY = YES_AGGRESSIVE;
				CLANG_WARN_UNREACHABLE_CODE = YES;
				CLANG_WARN__DUPLICATE_METHOD_MATCH = YES;
				COPY_PHASE_STRIP = NO;
				DEBUG_INFORMATION_FORMAT = "dwarf-with-dsym";
				DEVELOPMENT_TEAM = 469UCUB275;
				ENABLE_NS_ASSERTIONS = NO;
				ENABLE_STRICT_OBJC_MSGSEND = YES;
				ENABLE_USER_SCRIPT_SANDBOXING = YES;
				GCC_C_LANGUAGE_STANDARD = gnu17;
				GCC_NO_COMMON_BLOCKS = YES;
				GCC_WARN_64_TO_32_BIT_CONVERSION = YES;
				GCC_WARN_ABOUT_RETURN_TYPE = YES_ERROR;
				GCC_WARN_UNDECLARED_SELECTOR = YES;
				GCC_WARN_UNINITIALIZED_AUTOS = YES_AGGRESSIVE;
				GCC_WARN_UNUSED_FUNCTION = YES;
				GCC_WARN_UNUSED_VARIABLE = YES;
				LOCALIZATION_PREFERS_STRING_CATALOGS = YES;
				MACOSX_DEPLOYMENT_TARGET = 15.4;
				MTL_ENABLE_DEBUG_INFO = NO;
				MTL_FAST_MATH = YES;
				SDKROOT = macosx;
				SWIFT_COMPILATION_MODE = wholemodule;
			};
			name = Release;
		};
		EAC969CD2E2416ED0093AB2A /* Debug */ = {
			isa = XCBuildConfiguration;
			buildSettings = {
				ASSETCATALOG_COMPILER_APPICON_NAME = AppIcon;
				ASSETCATALOG_COMPILER_GLOBAL_ACCENT_COLOR_NAME = AccentColor;
				CODE_SIGN_ENTITLEMENTS = "logos inkpen.io/logos_inkpen_io.entitlements";
				CODE_SIGN_STYLE = Automatic;
				COMBINE_HIDPI_IMAGES = YES;
				CURRENT_PROJECT_VERSION = 1;
				DEVELOPMENT_TEAM = 469UCUB275;
				ENABLE_HARDENED_RUNTIME = YES;
				ENABLE_PREVIEWS = YES;
				GENERATE_INFOPLIST_FILE = YES;
				INFOPLIST_FILE = "logos-inkpen-io-Info.plist";
				INFOPLIST_KEY_NSHumanReadableCopyright = "";
				LD_RUNPATH_SEARCH_PATHS = (
					"$(inherited)",
					"@executable_path/../Frameworks",
				);
				MARKETING_VERSION = 1.0;
				PRODUCT_BUNDLE_IDENTIFIER = "com.toddbruss.logos-inkpen-io";
				PRODUCT_NAME = "$(TARGET_NAME)";
				REGISTER_APP_GROUPS = YES;
				SWIFT_EMIT_LOC_STRINGS = YES;
				SWIFT_VERSION = 5.0;
			};
			name = Debug;
		};
		EAC969CE2E2416ED0093AB2A /* Release */ = {
			isa = XCBuildConfiguration;
			buildSettings = {
				ASSETCATALOG_COMPILER_APPICON_NAME = AppIcon;
				ASSETCATALOG_COMPILER_GLOBAL_ACCENT_COLOR_NAME = AccentColor;
				CODE_SIGN_ENTITLEMENTS = "logos inkpen.io/logos_inkpen_io.entitlements";
				CODE_SIGN_STYLE = Automatic;
				COMBINE_HIDPI_IMAGES = YES;
				CURRENT_PROJECT_VERSION = 1;
				DEVELOPMENT_TEAM = 469UCUB275;
				ENABLE_HARDENED_RUNTIME = YES;
				ENABLE_PREVIEWS = YES;
				GENERATE_INFOPLIST_FILE = YES;
				INFOPLIST_FILE = "logos-inkpen-io-Info.plist";
				INFOPLIST_KEY_NSHumanReadableCopyright = "";
				LD_RUNPATH_SEARCH_PATHS = (
					"$(inherited)",
					"@executable_path/../Frameworks",
				);
				MARKETING_VERSION = 1.0;
				PRODUCT_BUNDLE_IDENTIFIER = "com.toddbruss.logos-inkpen-io";
				PRODUCT_NAME = "$(TARGET_NAME)";
				REGISTER_APP_GROUPS = YES;
				SWIFT_EMIT_LOC_STRINGS = YES;
				SWIFT_VERSION = 5.0;
			};
			name = Release;
		};
		EAC969D02E2416ED0093AB2A /* Debug */ = {
			isa = XCBuildConfiguration;
			buildSettings = {
				BUNDLE_LOADER = "$(TEST_HOST)";
				CODE_SIGN_STYLE = Automatic;
				CURRENT_PROJECT_VERSION = 1;
				DEVELOPMENT_TEAM = 469UCUB275;
				GENERATE_INFOPLIST_FILE = YES;
				MACOSX_DEPLOYMENT_TARGET = 15.4;
				MARKETING_VERSION = 1.0;
				PRODUCT_BUNDLE_IDENTIFIER = "com.toddbruss.logos-inkpen-ioTests";
				PRODUCT_NAME = "$(TARGET_NAME)";
				SWIFT_EMIT_LOC_STRINGS = NO;
				SWIFT_VERSION = 5.0;
				TEST_HOST = "$(BUILT_PRODUCTS_DIR)/logos inkpen.io.app/$(BUNDLE_EXECUTABLE_FOLDER_PATH)/logos inkpen.io";
			};
			name = Debug;
		};
		EAC969D12E2416ED0093AB2A /* Release */ = {
			isa = XCBuildConfiguration;
			buildSettings = {
				BUNDLE_LOADER = "$(TEST_HOST)";
				CODE_SIGN_STYLE = Automatic;
				CURRENT_PROJECT_VERSION = 1;
				DEVELOPMENT_TEAM = 469UCUB275;
				GENERATE_INFOPLIST_FILE = YES;
				MACOSX_DEPLOYMENT_TARGET = 15.4;
				MARKETING_VERSION = 1.0;
				PRODUCT_BUNDLE_IDENTIFIER = "com.toddbruss.logos-inkpen-ioTests";
				PRODUCT_NAME = "$(TARGET_NAME)";
				SWIFT_EMIT_LOC_STRINGS = NO;
				SWIFT_VERSION = 5.0;
				TEST_HOST = "$(BUILT_PRODUCTS_DIR)/logos inkpen.io.app/$(BUNDLE_EXECUTABLE_FOLDER_PATH)/logos inkpen.io";
			};
			name = Release;
		};
		EAC969D32E2416ED0093AB2A /* Debug */ = {
			isa = XCBuildConfiguration;
			buildSettings = {
				CODE_SIGN_STYLE = Automatic;
				CURRENT_PROJECT_VERSION = 1;
				DEVELOPMENT_TEAM = 469UCUB275;
				GENERATE_INFOPLIST_FILE = YES;
				MARKETING_VERSION = 1.0;
				PRODUCT_BUNDLE_IDENTIFIER = "com.toddbruss.logos-inkpen-ioUITests";
				PRODUCT_NAME = "$(TARGET_NAME)";
				SWIFT_EMIT_LOC_STRINGS = NO;
				SWIFT_VERSION = 5.0;
				TEST_TARGET_NAME = "logos inkpen.io";
			};
			name = Debug;
		};
		EAC969D42E2416ED0093AB2A /* Release */ = {
			isa = XCBuildConfiguration;
			buildSettings = {
				CODE_SIGN_STYLE = Automatic;
				CURRENT_PROJECT_VERSION = 1;
				DEVELOPMENT_TEAM = 469UCUB275;
				GENERATE_INFOPLIST_FILE = YES;
				MARKETING_VERSION = 1.0;
				PRODUCT_BUNDLE_IDENTIFIER = "com.toddbruss.logos-inkpen-ioUITests";
				PRODUCT_NAME = "$(TARGET_NAME)";
				SWIFT_EMIT_LOC_STRINGS = NO;
				SWIFT_VERSION = 5.0;
				TEST_TARGET_NAME = "logos inkpen.io";
			};
			name = Release;
		};
/* End XCBuildConfiguration section */

/* Begin XCConfigurationList section */
		EAC969A52E2416EC0093AB2A /* Build configuration list for PBXProject "logos inkpen.io" */ = {
			isa = XCConfigurationList;
			buildConfigurations = (
				EAC969CA2E2416ED0093AB2A /* Debug */,
				EAC969CB2E2416ED0093AB2A /* Release */,
			);
			defaultConfigurationIsVisible = 0;
			defaultConfigurationName = Release;
		};
		EAC969CC2E2416ED0093AB2A /* Build configuration list for PBXNativeTarget "logos inkpen.io" */ = {
			isa = XCConfigurationList;
			buildConfigurations = (
				EAC969CD2E2416ED0093AB2A /* Debug */,
				EAC969CE2E2416ED0093AB2A /* Release */,
			);
			defaultConfigurationIsVisible = 0;
			defaultConfigurationName = Release;
		};
		EAC969CF2E2416ED0093AB2A /* Build configuration list for PBXNativeTarget "logos inkpen.ioTests" */ = {
			isa = XCConfigurationList;
			buildConfigurations = (
				EAC969D02E2416ED0093AB2A /* Debug */,
				EAC969D12E2416ED0093AB2A /* Release */,
			);
			defaultConfigurationIsVisible = 0;
			defaultConfigurationName = Release;
		};
		EAC969D22E2416ED0093AB2A /* Build configuration list for PBXNativeTarget "logos inkpen.ioUITests" */ = {
			isa = XCConfigurationList;
			buildConfigurations = (
				EAC969D32E2416ED0093AB2A /* Debug */,
				EAC969D42E2416ED0093AB2A /* Release */,
			);
			defaultConfigurationIsVisible = 0;
			defaultConfigurationName = Release;
		};
/* End XCConfigurationList section */
	};
	rootObject = EAC969A22E2416EC0093AB2A /* Project object */;
}
